// !$*UTF8*$!
{
	archiveVersion = 1;
	classes = {
	};
	objectVersion = 46;
	objects = {

/* Begin PBXBuildFile section */
		CA0FD8FE13F23DB90050B813 /* SDBPut.m in Sources */ = {isa = PBXBuildFile; fileRef = CA0FD8FD13F23DB90050B813 /* SDBPut.m */; };
		CA3D788F13F6F04800B03036 /* SDBDeleteDomain.m in Sources */ = {isa = PBXBuildFile; fileRef = CA3D788E13F6F04800B03036 /* SDBDeleteDomain.m */; };
		CA3D789313F6F2F300B03036 /* SDBCreateDomain.m in Sources */ = {isa = PBXBuildFile; fileRef = CA3D789213F6F2F300B03036 /* SDBCreateDomain.m */; };
		CA3D789613F6F96100B03036 /* SDBGet.m in Sources */ = {isa = PBXBuildFile; fileRef = CA3D789513F6F96100B03036 /* SDBGet.m */; };
		CA3D789913F6FD9200B03036 /* SDBDelete.m in Sources */ = {isa = PBXBuildFile; fileRef = CA3D789813F6FD9200B03036 /* SDBDelete.m */; };
		CA763F8C13E4C36300158CB2 /* UIKit.framework in Frameworks */ = {isa = PBXBuildFile; fileRef = CA763F8B13E4C36300158CB2 /* UIKit.framework */; };
		CA763F8E13E4C36300158CB2 /* Foundation.framework in Frameworks */ = {isa = PBXBuildFile; fileRef = CA763F8D13E4C36300158CB2 /* Foundation.framework */; };
		CA763F9013E4C36300158CB2 /* CoreGraphics.framework in Frameworks */ = {isa = PBXBuildFile; fileRef = CA763F8F13E4C36300158CB2 /* CoreGraphics.framework */; };
		CA763F9613E4C36400158CB2 /* InfoPlist.strings in Resources */ = {isa = PBXBuildFile; fileRef = CA763F9413E4C36400158CB2 /* InfoPlist.strings */; };
		CA763F9813E4C36400158CB2 /* main.m in Sources */ = {isa = PBXBuildFile; fileRef = CA763F9713E4C36400158CB2 /* main.m */; };
		CA763F9C13E4C36400158CB2 /* AppDelegate.m in Sources */ = {isa = PBXBuildFile; fileRef = CA763F9B13E4C36400158CB2 /* AppDelegate.m */; };
		CA763FB213E4C46700158CB2 /* SDBOperation.m in Sources */ = {isa = PBXBuildFile; fileRef = CA763FAD13E4C46700158CB2 /* SDBOperation.m */; };
		CA763FB313E4C46700158CB2 /* SDBDomainMetadata.m in Sources */ = {isa = PBXBuildFile; fileRef = CA763FAF13E4C46700158CB2 /* SDBDomainMetadata.m */; };
		CA763FB413E4C46700158CB2 /* SDBListDomains.m in Sources */ = {isa = PBXBuildFile; fileRef = CA763FB113E4C46700158CB2 /* SDBListDomains.m */; };
		CAB15D4E13E5CA890077F5FB /* SDBSelect.m in Sources */ = {isa = PBXBuildFile; fileRef = CAB15D4D13E5CA890077F5FB /* SDBSelect.m */; };
		CAB15D5413EA4D620077F5FB /* SDB.m in Sources */ = {isa = PBXBuildFile; fileRef = CAB15D5313EA4D620077F5FB /* SDB.m */; };
		CAF9FFA213F8528D0035B0ED /* SDBBatchDelete.m in Sources */ = {isa = PBXBuildFile; fileRef = CAF9FFA113F8528D0035B0ED /* SDBBatchDelete.m */; };
		CAF9FFA613F858470035B0ED /* SDBBatchPut.m in Sources */ = {isa = PBXBuildFile; fileRef = CAF9FFA513F858470035B0ED /* SDBBatchPut.m */; };
/* End PBXBuildFile section */

/* Begin PBXFileReference section */
		CA0FD8FC13F23DB90050B813 /* SDBPut.h */ = {isa = PBXFileReference; fileEncoding = 4; lastKnownFileType = sourcecode.c.h; path = SDBPut.h; sourceTree = "<group>"; };
		CA0FD8FD13F23DB90050B813 /* SDBPut.m */ = {isa = PBXFileReference; fileEncoding = 4; lastKnownFileType = sourcecode.c.objc; path = SDBPut.m; sourceTree = "<group>"; };
		CA3D788D13F6F04800B03036 /* SDBDeleteDomain.h */ = {isa = PBXFileReference; fileEncoding = 4; lastKnownFileType = sourcecode.c.h; path = SDBDeleteDomain.h; sourceTree = "<group>"; };
		CA3D788E13F6F04800B03036 /* SDBDeleteDomain.m */ = {isa = PBXFileReference; fileEncoding = 4; lastKnownFileType = sourcecode.c.objc; path = SDBDeleteDomain.m; sourceTree = "<group>"; };
		CA3D789113F6F2F200B03036 /* SDBCreateDomain.h */ = {isa = PBXFileReference; fileEncoding = 4; lastKnownFileType = sourcecode.c.h; path = SDBCreateDomain.h; sourceTree = "<group>"; };
		CA3D789213F6F2F300B03036 /* SDBCreateDomain.m */ = {isa = PBXFileReference; fileEncoding = 4; lastKnownFileType = sourcecode.c.objc; path = SDBCreateDomain.m; sourceTree = "<group>"; };
		CA3D789413F6F96000B03036 /* SDBGet.h */ = {isa = PBXFileReference; fileEncoding = 4; lastKnownFileType = sourcecode.c.h; path = SDBGet.h; sourceTree = "<group>"; };
		CA3D789513F6F96100B03036 /* SDBGet.m */ = {isa = PBXFileReference; fileEncoding = 4; lastKnownFileType = sourcecode.c.objc; path = SDBGet.m; sourceTree = "<group>"; };
		CA3D789713F6FD9200B03036 /* SDBDelete.h */ = {isa = PBXFileReference; fileEncoding = 4; lastKnownFileType = sourcecode.c.h; path = SDBDelete.h; sourceTree = "<group>"; };
		CA3D789813F6FD9200B03036 /* SDBDelete.m */ = {isa = PBXFileReference; fileEncoding = 4; lastKnownFileType = sourcecode.c.objc; path = SDBDelete.m; sourceTree = "<group>"; };
		CA763F8713E4C36300158CB2 /* SDB.app */ = {isa = PBXFileReference; explicitFileType = wrapper.application; includeInIndex = 0; path = SDB.app; sourceTree = BUILT_PRODUCTS_DIR; };
		CA763F8B13E4C36300158CB2 /* UIKit.framework */ = {isa = PBXFileReference; lastKnownFileType = wrapper.framework; name = UIKit.framework; path = System/Library/Frameworks/UIKit.framework; sourceTree = SDKROOT; };
		CA763F8D13E4C36300158CB2 /* Foundation.framework */ = {isa = PBXFileReference; lastKnownFileType = wrapper.framework; name = Foundation.framework; path = System/Library/Frameworks/Foundation.framework; sourceTree = SDKROOT; };
		CA763F8F13E4C36300158CB2 /* CoreGraphics.framework */ = {isa = PBXFileReference; lastKnownFileType = wrapper.framework; name = CoreGraphics.framework; path = System/Library/Frameworks/CoreGraphics.framework; sourceTree = SDKROOT; };
		CA763F9313E4C36400158CB2 /* SDB-Info.plist */ = {isa = PBXFileReference; lastKnownFileType = text.plist.xml; path = "SDB-Info.plist"; sourceTree = "<group>"; };
		CA763F9513E4C36400158CB2 /* en */ = {isa = PBXFileReference; lastKnownFileType = text.plist.strings; name = en; path = en.lproj/InfoPlist.strings; sourceTree = "<group>"; };
		CA763F9713E4C36400158CB2 /* main.m */ = {isa = PBXFileReference; lastKnownFileType = sourcecode.c.objc; path = main.m; sourceTree = "<group>"; };
		CA763F9913E4C36400158CB2 /* SDB-Prefix.pch */ = {isa = PBXFileReference; lastKnownFileType = sourcecode.c.h; path = "SDB-Prefix.pch"; sourceTree = "<group>"; };
		CA763F9A13E4C36400158CB2 /* AppDelegate.h */ = {isa = PBXFileReference; lastKnownFileType = sourcecode.c.h; path = AppDelegate.h; sourceTree = "<group>"; };
		CA763F9B13E4C36400158CB2 /* AppDelegate.m */ = {isa = PBXFileReference; lastKnownFileType = sourcecode.c.objc; path = AppDelegate.m; sourceTree = "<group>"; };
		CA763FAA13E4C46700158CB2 /* APIKey.h */ = {isa = PBXFileReference; fileEncoding = 4; lastKnownFileType = sourcecode.c.h; path = APIKey.h; sourceTree = "<group>"; };
		CA763FAB13E4C46700158CB2 /* SDB.h */ = {isa = PBXFileReference; fileEncoding = 4; lastKnownFileType = sourcecode.c.h; path = SDB.h; sourceTree = "<group>"; };
		CA763FAC13E4C46700158CB2 /* SDBOperation.h */ = {isa = PBXFileReference; fileEncoding = 4; lastKnownFileType = sourcecode.c.h; path = SDBOperation.h; sourceTree = "<group>"; };
		CA763FAD13E4C46700158CB2 /* SDBOperation.m */ = {isa = PBXFileReference; fileEncoding = 4; lastKnownFileType = sourcecode.c.objc; path = SDBOperation.m; sourceTree = "<group>"; };
		CA763FAE13E4C46700158CB2 /* SDBDomainMetadata.h */ = {isa = PBXFileReference; fileEncoding = 4; lastKnownFileType = sourcecode.c.h; path = SDBDomainMetadata.h; sourceTree = "<group>"; };
		CA763FAF13E4C46700158CB2 /* SDBDomainMetadata.m */ = {isa = PBXFileReference; fileEncoding = 4; lastKnownFileType = sourcecode.c.objc; path = SDBDomainMetadata.m; sourceTree = "<group>"; };
		CA763FB013E4C46700158CB2 /* SDBListDomains.h */ = {isa = PBXFileReference; fileEncoding = 4; lastKnownFileType = sourcecode.c.h; path = SDBListDomains.h; sourceTree = "<group>"; };
		CA763FB113E4C46700158CB2 /* SDBListDomains.m */ = {isa = PBXFileReference; fileEncoding = 4; lastKnownFileType = sourcecode.c.objc; path = SDBListDomains.m; sourceTree = "<group>"; };
		CAB15D4C13E5CA890077F5FB /* SDBSelect.h */ = {isa = PBXFileReference; fileEncoding = 4; lastKnownFileType = sourcecode.c.h; path = SDBSelect.h; sourceTree = "<group>"; };
		CAB15D4D13E5CA890077F5FB /* SDBSelect.m */ = {isa = PBXFileReference; fileEncoding = 4; lastKnownFileType = sourcecode.c.objc; path = SDBSelect.m; sourceTree = "<group>"; };
		CAB15D5313EA4D620077F5FB /* SDB.m */ = {isa = PBXFileReference; fileEncoding = 4; lastKnownFileType = sourcecode.c.objc; path = SDB.m; sourceTree = "<group>"; };
		CAF9FFA013F8528D0035B0ED /* SDBBatchDelete.h */ = {isa = PBXFileReference; fileEncoding = 4; lastKnownFileType = sourcecode.c.h; path = SDBBatchDelete.h; sourceTree = "<group>"; };
		CAF9FFA113F8528D0035B0ED /* SDBBatchDelete.m */ = {isa = PBXFileReference; fileEncoding = 4; lastKnownFileType = sourcecode.c.objc; path = SDBBatchDelete.m; sourceTree = "<group>"; };
		CAF9FFA413F858470035B0ED /* SDBBatchPut.h */ = {isa = PBXFileReference; fileEncoding = 4; lastKnownFileType = sourcecode.c.h; path = SDBBatchPut.h; sourceTree = "<group>"; };
		CAF9FFA513F858470035B0ED /* SDBBatchPut.m */ = {isa = PBXFileReference; fileEncoding = 4; lastKnownFileType = sourcecode.c.objc; path = SDBBatchPut.m; sourceTree = "<group>"; };
/* End PBXFileReference section */

/* Begin PBXFrameworksBuildPhase section */
		CA763F8413E4C36300158CB2 /* Frameworks */ = {
			isa = PBXFrameworksBuildPhase;
			buildActionMask = 2147483647;
			files = (
				CA763F8C13E4C36300158CB2 /* UIKit.framework in Frameworks */,
				CA763F8E13E4C36300158CB2 /* Foundation.framework in Frameworks */,
				CA763F9013E4C36300158CB2 /* CoreGraphics.framework in Frameworks */,
			);
			runOnlyForDeploymentPostprocessing = 0;
		};
/* End PBXFrameworksBuildPhase section */

/* Begin PBXGroup section */
		CA763F7C13E4C36300158CB2 = {
			isa = PBXGroup;
			children = (
				CA763F9113E4C36400158CB2 /* SDB */,
				CA763F8A13E4C36300158CB2 /* Frameworks */,
				CA763F8813E4C36300158CB2 /* Products */,
			);
			sourceTree = "<group>";
		};
		CA763F8813E4C36300158CB2 /* Products */ = {
			isa = PBXGroup;
			children = (
				CA763F8713E4C36300158CB2 /* SDB.app */,
			);
			name = Products;
			sourceTree = "<group>";
		};
		CA763F8A13E4C36300158CB2 /* Frameworks */ = {
			isa = PBXGroup;
			children = (
				CA763F8B13E4C36300158CB2 /* UIKit.framework */,
				CA763F8D13E4C36300158CB2 /* Foundation.framework */,
				CA763F8F13E4C36300158CB2 /* CoreGraphics.framework */,
			);
			name = Frameworks;
			sourceTree = "<group>";
		};
		CA763F9113E4C36400158CB2 /* SDB */ = {
			isa = PBXGroup;
			children = (
				CA763F9A13E4C36400158CB2 /* AppDelegate.h */,
				CA763F9B13E4C36400158CB2 /* AppDelegate.m */,
				CA763FAA13E4C46700158CB2 /* APIKey.h */,
				CA763FB613E4C4B900158CB2 /* SDB Classes */,
				CA763F9213E4C36400158CB2 /* Supporting Files */,
			);
			path = SDB;
			sourceTree = "<group>";
		};
		CA763F9213E4C36400158CB2 /* Supporting Files */ = {
			isa = PBXGroup;
			children = (
				CA763F9313E4C36400158CB2 /* SDB-Info.plist */,
				CA763F9413E4C36400158CB2 /* InfoPlist.strings */,
				CA763F9713E4C36400158CB2 /* main.m */,
				CA763F9913E4C36400158CB2 /* SDB-Prefix.pch */,
			);
			name = "Supporting Files";
			sourceTree = "<group>";
		};
		CA763FB613E4C4B900158CB2 /* SDB Classes */ = {
			isa = PBXGroup;
			children = (
				CA763FAB13E4C46700158CB2 /* SDB.h */,
				CAB15D5313EA4D620077F5FB /* SDB.m */,
				CA763FAC13E4C46700158CB2 /* SDBOperation.h */,
				CA763FAD13E4C46700158CB2 /* SDBOperation.m */,
				CA763FAE13E4C46700158CB2 /* SDBDomainMetadata.h */,
				CA763FAF13E4C46700158CB2 /* SDBDomainMetadata.m */,
				CA763FB013E4C46700158CB2 /* SDBListDomains.h */,
				CA763FB113E4C46700158CB2 /* SDBListDomains.m */,
				CAB15D4C13E5CA890077F5FB /* SDBSelect.h */,
				CAB15D4D13E5CA890077F5FB /* SDBSelect.m */,
				CA0FD8FC13F23DB90050B813 /* SDBPut.h */,
				CA0FD8FD13F23DB90050B813 /* SDBPut.m */,
				CA3D788D13F6F04800B03036 /* SDBDeleteDomain.h */,
				CA3D788E13F6F04800B03036 /* SDBDeleteDomain.m */,
				CA3D789113F6F2F200B03036 /* SDBCreateDomain.h */,
				CA3D789213F6F2F300B03036 /* SDBCreateDomain.m */,
				CA3D789413F6F96000B03036 /* SDBGet.h */,
				CA3D789513F6F96100B03036 /* SDBGet.m */,
				CA3D789713F6FD9200B03036 /* SDBDelete.h */,
				CA3D789813F6FD9200B03036 /* SDBDelete.m */,
				CAF9FFA013F8528D0035B0ED /* SDBBatchDelete.h */,
				CAF9FFA113F8528D0035B0ED /* SDBBatchDelete.m */,
				CAF9FFA413F858470035B0ED /* SDBBatchPut.h */,
				CAF9FFA513F858470035B0ED /* SDBBatchPut.m */,
			);
			name = "SDB Classes";
			sourceTree = "<group>";
		};
/* End PBXGroup section */

/* Begin PBXNativeTarget section */
		CA763F8613E4C36300158CB2 /* SDB */ = {
			isa = PBXNativeTarget;
			buildConfigurationList = CA763F9F13E4C36400158CB2 /* Build configuration list for PBXNativeTarget "SDB" */;
			buildPhases = (
				CA763F8313E4C36300158CB2 /* Sources */,
				CA763F8413E4C36300158CB2 /* Frameworks */,
				CA763F8513E4C36300158CB2 /* Resources */,
			);
			buildRules = (
			);
			dependencies = (
			);
			name = SDB;
			productName = SDB;
			productReference = CA763F8713E4C36300158CB2 /* SDB.app */;
			productType = "com.apple.product-type.application";
		};
/* End PBXNativeTarget section */

/* Begin PBXProject section */
		CA763F7E13E4C36300158CB2 /* Project object */ = {
			isa = PBXProject;
			attributes = {
				LastUpgradeCheck = 0420;
				ORGANIZATIONNAME = "Brandon Smith";
			};
			buildConfigurationList = CA763F8113E4C36300158CB2 /* Build configuration list for PBXProject "SDB" */;
			compatibilityVersion = "Xcode 3.2";
			developmentRegion = English;
			hasScannedForEncodings = 0;
			knownRegions = (
				en,
			);
			mainGroup = CA763F7C13E4C36300158CB2;
			productRefGroup = CA763F8813E4C36300158CB2 /* Products */;
			projectDirPath = "";
			projectRoot = "";
			targets = (
				CA763F8613E4C36300158CB2 /* SDB */,
			);
		};
/* End PBXProject section */

/* Begin PBXResourcesBuildPhase section */
		CA763F8513E4C36300158CB2 /* Resources */ = {
			isa = PBXResourcesBuildPhase;
			buildActionMask = 2147483647;
			files = (
				CA763F9613E4C36400158CB2 /* InfoPlist.strings in Resources */,
			);
			runOnlyForDeploymentPostprocessing = 0;
		};
/* End PBXResourcesBuildPhase section */

/* Begin PBXSourcesBuildPhase section */
		CA763F8313E4C36300158CB2 /* Sources */ = {
			isa = PBXSourcesBuildPhase;
			buildActionMask = 2147483647;
			files = (
				CA763F9813E4C36400158CB2 /* main.m in Sources */,
				CA763F9C13E4C36400158CB2 /* AppDelegate.m in Sources */,
				CA763FB213E4C46700158CB2 /* SDBOperation.m in Sources */,
				CA763FB313E4C46700158CB2 /* SDBDomainMetadata.m in Sources */,
				CA763FB413E4C46700158CB2 /* SDBListDomains.m in Sources */,
				CAB15D4E13E5CA890077F5FB /* SDBSelect.m in Sources */,
				CAB15D5413EA4D620077F5FB /* SDB.m in Sources */,
				CA0FD8FE13F23DB90050B813 /* SDBPut.m in Sources */,
				CA3D788F13F6F04800B03036 /* SDBDeleteDomain.m in Sources */,
				CA3D789313F6F2F300B03036 /* SDBCreateDomain.m in Sources */,
				CA3D789613F6F96100B03036 /* SDBGet.m in Sources */,
				CA3D789913F6FD9200B03036 /* SDBDelete.m in Sources */,
				CAF9FFA213F8528D0035B0ED /* SDBBatchDelete.m in Sources */,
				CAF9FFA613F858470035B0ED /* SDBBatchPut.m in Sources */,
			);
			runOnlyForDeploymentPostprocessing = 0;
		};
/* End PBXSourcesBuildPhase section */

/* Begin PBXVariantGroup section */
		CA763F9413E4C36400158CB2 /* InfoPlist.strings */ = {
			isa = PBXVariantGroup;
			children = (
				CA763F9513E4C36400158CB2 /* en */,
			);
			name = InfoPlist.strings;
			sourceTree = "<group>";
		};
/* End PBXVariantGroup section */

/* Begin XCBuildConfiguration section */
		CA763F9D13E4C36400158CB2 /* Debug */ = {
			isa = XCBuildConfiguration;
			buildSettings = {
				ALWAYS_SEARCH_USER_PATHS = NO;
				ARCHS = "$(ARCHS_STANDARD_32_BIT)";
				CLANG_ENABLE_OBJC_ARC = YES;
				"CODE_SIGN_IDENTITY[sdk=iphoneos*]" = "iPhone Developer";
				COPY_PHASE_STRIP = NO;
				GCC_C_LANGUAGE_STANDARD = gnu99;
				GCC_DYNAMIC_NO_PIC = NO;
				GCC_OPTIMIZATION_LEVEL = 0;
				GCC_PREPROCESSOR_DEFINITIONS = (
					"DEBUG=1",
					"$(inherited)",
				);
				GCC_SYMBOLS_PRIVATE_EXTERN = NO;
				GCC_VERSION = com.apple.compilers.llvm.clang.1_0;
				GCC_WARN_ABOUT_MISSING_PROTOTYPES = YES;
				GCC_WARN_ABOUT_RETURN_TYPE = YES;
				GCC_WARN_UNUSED_VARIABLE = YES;
				IPHONEOS_DEPLOYMENT_TARGET = 5.0;
				SDKROOT = iphoneos;
				TARGETED_DEVICE_FAMILY = "1,2";
			};
			name = Debug;
		};
		CA763F9E13E4C36400158CB2 /* Release */ = {
			isa = XCBuildConfiguration;
			buildSettings = {
				ALWAYS_SEARCH_USER_PATHS = NO;
				ARCHS = "$(ARCHS_STANDARD_32_BIT)";
				CLANG_ENABLE_OBJC_ARC = YES;
				"CODE_SIGN_IDENTITY[sdk=iphoneos*]" = "iPhone Developer";
				COPY_PHASE_STRIP = YES;
				GCC_C_LANGUAGE_STANDARD = gnu99;
				GCC_VERSION = com.apple.compilers.llvm.clang.1_0;
				GCC_WARN_ABOUT_MISSING_PROTOTYPES = YES;
				GCC_WARN_ABOUT_RETURN_TYPE = YES;
				GCC_WARN_UNUSED_VARIABLE = YES;
				IPHONEOS_DEPLOYMENT_TARGET = 5.0;
				OTHER_CFLAGS = "-DNS_BLOCK_ASSERTIONS=1";
				SDKROOT = iphoneos;
				TARGETED_DEVICE_FAMILY = "1,2";
				VALIDATE_PRODUCT = YES;
			};
			name = Release;
		};
		CA763FA013E4C36400158CB2 /* Debug */ = {
			isa = XCBuildConfiguration;
			buildSettings = {
				GCC_PRECOMPILE_PREFIX_HEADER = YES;
				GCC_PREFIX_HEADER = "SDB/SDB-Prefix.pch";
				INFOPLIST_FILE = "SDB/SDB-Info.plist";
				IPHONEOS_DEPLOYMENT_TARGET = 4.3;
				PRODUCT_NAME = "$(TARGET_NAME)";
				WRAPPER_EXTENSION = app;
			};
			name = Debug;
		};
		CA763FA113E4C36400158CB2 /* Release */ = {
			isa = XCBuildConfiguration;
			buildSettings = {
				GCC_PRECOMPILE_PREFIX_HEADER = YES;
				GCC_PREFIX_HEADER = "SDB/SDB-Prefix.pch";
				INFOPLIST_FILE = "SDB/SDB-Info.plist";
				IPHONEOS_DEPLOYMENT_TARGET = 4.3;
				PRODUCT_NAME = "$(TARGET_NAME)";
				WRAPPER_EXTENSION = app;
			};
			name = Release;
		};
/* End XCBuildConfiguration section */

/* Begin XCConfigurationList section */
		CA763F8113E4C36300158CB2 /* Build configuration list for PBXProject "SDB" */ = {
			isa = XCConfigurationList;
			buildConfigurations = (
				CA763F9D13E4C36400158CB2 /* Debug */,
				CA763F9E13E4C36400158CB2 /* Release */,
			);
			defaultConfigurationIsVisible = 0;
			defaultConfigurationName = Release;
		};
		CA763F9F13E4C36400158CB2 /* Build configuration list for PBXNativeTarget "SDB" */ = {
			isa = XCConfigurationList;
			buildConfigurations = (
				CA763FA013E4C36400158CB2 /* Debug */,
				CA763FA113E4C36400158CB2 /* Release */,
			);
			defaultConfigurationIsVisible = 0;
			defaultConfigurationName = Release;
		};
/* End XCConfigurationList section */
	};
	rootObject = CA763F7E13E4C36300158CB2 /* Project object */;
}
